{
  "lockfileVersion": 1,
  "configVersion": 0,
  "workspaces": {
    "": {
      "name": "monitor",
      "dependencies": {
        "config-validation": "^0.1.2",
        "dotenv": "^8.2.0",
        "gps": "^0.5.2",
        "node-os-utils": "^1.3.5",
        "serialport": "^13.0.0",
        "typescript": "^4.4.3",
        "valibot": "^1.4.2",
        "ws": "8.21.0",
      },
      "devDependencies": {
        "@types/dotenv": "^8.2.0",
        "@types/node-os-utils": "^1.2.0",
        "@types/serialport": "^10.2.0",
        "@types/ws": "^7.4.7",
        "ts-node": "^9.1.1",
      },
    },
  },
  "packages": {
    "@serialport/binding-mock": ["@serialport/binding-mock@10.2.2", "", { "dependencies": { "@serialport/bindings-interface": "^1.2.1", "debug": "^4.3.3" } }, "sha512-HAFzGhk9OuFMpuor7aT5G1ChPgn5qSsklTFOTUX72Rl6p0xwcSVsRtG/xaGp6bxpN7fI9D/S8THLBWbBgS6ldw=="],

    "@serialport/bindings-cpp": ["@serialport/bindings-cpp@13.0.0", "", { "dependencies": { "@serialport/bindings-interface": "1.2.2", "@serialport/parser-readline": "12.0.0", "debug": "4.4.0", "node-addon-api": "8.3.0", "node-gyp-build": "4.8.4" } }, "sha512-r25o4Bk/vaO1LyUfY/ulR6hCg/aWiN6Wo2ljVlb4Pj5bqWGcSRC4Vse4a9AcapuAu/FeBzHCbKMvRQeCuKjzIQ=="],

    "@serialport/bindings-interface": ["@serialport/bindings-interface@1.2.2", "", {}, "sha512-CJaUd5bLvtM9c5dmO9rPBHPXTa9R2UwpkJ0wdh9JCYcbrPWsKz+ErvR0hBLeo7NPeiFdjFO4sonRljiw4d2XiA=="],

    "@serialport/parser-byte-length": ["@serialport/parser-byte-length@13.0.0", "", {}, "sha512-32yvqeTAqJzAEtX5zCrN1Mej56GJ5h/cVFsCDPbF9S1ZSC9FWjOqNAgtByseHfFTSTs/4ZBQZZcZBpolt8sUng=="],

    "@serialport/parser-cctalk": ["@serialport/parser-cctalk@13.0.0", "", {}, "sha512-RErAe57g9gvnlieVYGIn1xymb1bzNXb2QtUQd14FpmbQQYlcrmuRnJwKa1BgTCujoCkhtaTtgHlbBWOxm8U2uA=="],

    "@serialport/parser-delimiter": ["@serialport/parser-delimiter@13.0.0", "", {}, "sha512-Qqyb0FX1avs3XabQqNaZSivyVbl/yl0jywImp7ePvfZKLwx7jBZjvL+Hawt9wIG6tfq6zbFM24vzCCK7REMUig=="],

    "@serialport/parser-inter-byte-timeout": ["@serialport/parser-inter-byte-timeout@13.0.0", "", {}, "sha512-a0w0WecTW7bD2YHWrpTz1uyiWA2fDNym0kjmPeNSwZ2XCP+JbirZt31l43m2ey6qXItTYVuQBthm75sPVeHnGA=="],

    "@serialport/parser-packet-length": ["@serialport/parser-packet-length@13.0.0", "", {}, "sha512-60ZDDIqYRi0Xs2SPZUo4Jr5LLIjtb+rvzPKMJCohrO6tAqSDponcNpcB1O4W21mKTxYjqInSz+eMrtk0LLfZIg=="],

    "@serialport/parser-readline": ["@serialport/parser-readline@13.0.0", "", { "dependencies": { "@serialport/parser-delimiter": "13.0.0" } }, "sha512-dov3zYoyf0dt1Sudd1q42VVYQ4WlliF0MYvAMA3MOyiU1IeG4hl0J6buBA2w4gl3DOCC05tGgLDN/3yIL81gsA=="],

    "@serialport/parser-ready": ["@serialport/parser-ready@13.0.0", "", {}, "sha512-JNUQA+y2Rfs4bU+cGYNqOPnNMAcayhhW+XJZihSLQXOHcZsFnOa2F9YtMg9VXRWIcnHldHYtisp62Etjlw24bw=="],

    "@serialport/parser-regex": ["@serialport/parser-regex@13.0.0", "", {}, "sha512-m7HpIf56G5XcuDdA3DB34Z0pJiwxNRakThEHjSa4mG05OnWYv0IG8l2oUyYfuGMowQWaVnQ+8r+brlPxGVH+eA=="],

    "@serialport/parser-slip-encoder": ["@serialport/parser-slip-encoder@13.0.0", "", {}, "sha512-fUHZEExm6izJ7rg0A1yjXwu4sOzeBkPAjDZPfb+XQoqgtKAk+s+HfICiYn7N2QU9gyaeCO8VKgWwi+b/DowYOg=="],

    "@serialport/parser-spacepacket": ["@serialport/parser-spacepacket@13.0.0", "", {}, "sha512-DoXJ3mFYmyD8X/8931agJvrBPxqTaYDsPoly9/cwQSeh/q4EjQND9ySXBxpWz5WcpyCU4jOuusqCSAPsbB30Eg=="],

    "@serialport/stream": ["@serialport/stream@13.0.0", "", { "dependencies": { "@serialport/bindings-interface": "1.2.2", "debug": "4.4.0" } }, "sha512-F7xLJKsjGo2WuEWMSEO1SimRcOA+WtWICsY13r0ahx8s2SecPQH06338g28OT7cW7uRXI7oEQAk62qh5gHJW3g=="],

    "@types/dotenv": ["@types/dotenv@8.2.0", "", { "dependencies": { "dotenv": "*" } }, "sha512-ylSC9GhfRH7m1EUXBXofhgx4lUWmFeQDINW5oLuS+gxWdfUeW4zJdeVTYVkexEW+e2VUvlZR2kGnGGipAWR7kw=="],

    "@types/node": ["@types/node@16.10.1", "", {}, "sha512-4/Z9DMPKFexZj/Gn3LylFgamNKHm4K3QDi0gz9B26Uk0c8izYf97B5fxfpspMNkWlFupblKM/nV8+NA9Ffvr+w=="],

    "@types/node-os-utils": ["@types/node-os-utils@1.2.0", "", {}, "sha512-sstDo2s8gQR/Qh2Bd6yNQ5xJv+D4ttyB9ZVjB3mBm3VkGl2RoqjV7fiw9mIHLbshHSRm2m8uf0XrIRQNWB/z6A=="],

    "@types/serialport": ["@types/serialport@10.2.0", "", { "dependencies": { "serialport": "*" } }, "sha512-jddRnvcjZLSQHyK8anaUFAAwnET8bcWoM2TVU7SZyY4xVqnorhsvsZLVfqgYk/zintnqrUTCshE/CgqFnBLEcg=="],

    "@types/ws": ["@types/ws@7.4.7", "", { "dependencies": { "@types/node": "*" } }, "sha512-JQbbmxZTZehdc2iszGKs5oC3NFnjeay7mtAWrdt7qNtAVK0g19muApzAy4bm9byz79xa2ZnO/BOBC2R8RC5Lww=="],

    "arg": ["arg@4.1.3", "", {}, "sha512-58S9QDqG0Xx27YwPSt9fJxivjYl432YCwfDMfZ+71RAqUrZef7LrKQZ3LHLOwCS4FLNBplP533Zx895SeOCHvA=="],

    "buffer-from": ["buffer-from@1.1.2", "", {}, "sha512-E+XQCRwSbaaiChtv6k6Dwgc+bx+Bs6vuKJHHl5kox/BaKbhiXzqQOwK4cO22yElGp2OCmjwVhT3HmxgyPGnJfQ=="],

    "config-validation": ["config-validation@0.1.4", "", {}, "sha512-CpFrFHHAlQmVIwgsYtkMnu/5NgZ0rndTpmyzpCGCO0ouNCmUCG8k7lzjRHO+TOAy26mJD3vD7N9t3sxyrVHP4g=="],

    "create-require": ["create-require@1.1.1", "", {}, "sha512-dcKFX3jn0MpIaXjisoRvexIJVEKzaq7z2rZKxf+MSr9TkdmHmsU4m2lcLojrj/FHl8mk5VxMmYA+ftRkP/3oKQ=="],

    "debug": ["debug@4.4.0", "", { "dependencies": { "ms": "^2.1.3" } }, "sha512-6WTZ/IxCY/T6BALoZHaE4ctp9xm+Z5kY/pzYaCHRFeyVhojxlrm+46y68HA6hr0TcwEssoxNiDEUJQjfPZ/RYA=="],

    "diff": ["diff@4.0.2", "", {}, "sha512-58lmxKSA4BNyLz+HHMUzlOEpg09FV+ev6ZMe3vJihgdxzgcwZ8VoEEPmALCZG9LmqfVoNMMKpttIYTVG6uDY7A=="],

    "dotenv": ["dotenv@8.6.0", "", {}, "sha512-IrPdXQsk2BbzvCBGBOTmmSH5SodmqZNt4ERAZDmW4CT+tL8VtvinqywuANaFu4bOMWki16nqf0e4oC0QIaDr/g=="],

    "gps": ["gps@0.5.3", "", {}, "sha512-uwOKGF+8cF9L++7WTtBH7fM+WiyJKyOmgl3yw0E/xeTIklzK4Nssw+dC/6CrCcsrZrrDWl8Wt5GRrjqjygIGiQ=="],

    "make-error": ["make-error@1.3.6", "", {}, "sha512-s8UhlNe7vPKomQhC1qFelMokr/Sc3AgNbso3n74mVPA5LTZwkB9NlXf4XPamLxJE8h0gh73rM94xvwRT2CVInw=="],

    "ms": ["ms@2.1.3", "", {}, "sha512-6FlzubTLZG3J2a/NVCAleEhjzq5oxgHyaCU9yYXvcLsvoVaHJq/s5xXI6/XXP6tz7R9xAOtHnSO/tXtF3WRTlA=="],

    "node-addon-api": ["node-addon-api@8.3.0", "", {}, "sha512-8VOpLHFrOQlAH+qA0ZzuGRlALRA6/LVh8QJldbrC4DY0hXoMP0l4Acq8TzFC018HztWiRqyCEj2aTWY2UvnJUg=="],

    "node-gyp-build": ["node-gyp-build@4.8.4", "", { "bin": { "node-gyp-build": "bin.js", "node-gyp-build-optional": "optional.js", "node-gyp-build-test": "build-test.js" } }, "sha512-LA4ZjwlnUblHVgq0oBF3Jl/6h/Nvs5fzBLwdEF4nuxnFdsfajde4WfxtJr3CaiH+F6ewcIB/q4jQ4UzPyid+CQ=="],

    "node-os-utils": ["node-os-utils@1.3.5", "", {}, "sha512-bIJIlk+hA+7/ATnu3sQMtF697iw9T/JksDhKMe9uENG0OhzIG7hLM6fbcyu18bOuajlYWnSlj0IhDo2q7k0ebg=="],

    "serialport": ["serialport@13.0.0", "", { "dependencies": { "@serialport/binding-mock": "10.2.2", "@serialport/bindings-cpp": "13.0.0", "@serialport/parser-byte-length": "13.0.0", "@serialport/parser-cctalk": "13.0.0", "@serialport/parser-delimiter": "13.0.0", "@serialport/parser-inter-byte-timeout": "13.0.0", "@serialport/parser-packet-length": "13.0.0", "@serialport/parser-readline": "13.0.0", "@serialport/parser-ready": "13.0.0", "@serialport/parser-regex": "13.0.0", "@serialport/parser-slip-encoder": "13.0.0", "@serialport/parser-spacepacket": "13.0.0", "@serialport/stream": "13.0.0", "debug": "4.4.0" } }, "sha512-PHpnTd8isMGPfFTZNCzOZp9m4mAJSNWle9Jxu6BPTcWq7YXl5qN7tp8Sgn0h+WIGcD6JFz5QDgixC2s4VW7vzg=="],

    "source-map": ["source-map@0.6.1", "", {}, "sha512-UjgapumWlbMhkBgzT7Ykc5YXUT46F0iKu8SGXq0bcwP5dz/h0Plj6enJqjz1Zbq2l5WaqYnrVbwWOWMyF3F47g=="],

    "source-map-support": ["source-map-support@0.5.20", "", { "dependencies": { "buffer-from": "^1.0.0", "source-map": "^0.6.0" } }, "sha512-n1lZZ8Ve4ksRqizaBQgxXDgKwttHDhyfQjA6YZZn8+AroHbsIz+JjwxQDxbp+7y5OYCI8t1Yk7etjD9CRd2hIw=="],

    "ts-node": ["ts-node@9.1.1", "", { "dependencies": { "arg": "^4.1.0", "create-require": "^1.1.0", "diff": "^4.0.1", "make-error": "^1.1.1", "source-map-support": "^0.5.17", "yn": "3.1.1" }, "bin": { "ts-node": "dist/bin.js", "ts-script": "dist/bin-script-deprecated.js", "ts-node-script": "dist/bin-script.js", "ts-node-transpile-only": "dist/bin-transpile.js" } }, "sha512-hPlt7ZACERQGf03M253ytLY3dHbGNGrAq9qIHWUY9XHYl1z7wYngSr3OQ5xmui8o2AaxsONxIzjafLUiWBo1Fg=="],

    "typescript": ["typescript@4.4.3", "", { "bin": { "tsc": "bin/tsc", "tsserver": "bin/tsserver" } }, "sha512-4xfscpisVgqqDfPaJo5vkd+Qd/ItkoagnHpufr+i2QCHBsNYp+G7UAoyFl8aPtx879u38wPV65rZ8qbGZijalA=="],

    "valibot": ["valibot@1.4.2", "", { "peerDependencies": { "typescript": ">=5" }, "optionalPeers": ["typescript"] }, "sha512-gjdCvJ6d3RyHAneqxMYMW9QMCwYMb3jpOO0IyHZV1bnRHFBHrX3VkIILt5XYR0WhwHiH7Mty8ovuPZ/O3gamrg=="],

    "ws": ["ws@8.21.0", "", { "peerDependencies": { "bufferutil": "^4.0.1", "utf-8-validate": ">=5.0.2" }, "optionalPeers": ["bufferutil", "utf-8-validate"] }, "sha512-Vsp28b7DRcimFQvrqu2Wek3z1iYxDCWqHYB8Qsnk/S4RfaCQzPGPyBNuVjJV3cd6UiKtUtp6sNM77gWvzcCH+g=="],

    "yn": ["yn@3.1.1", "", {}, "sha512-Ux4ygGWsu2c7isFWe8Yu1YluJmqVhxqK2cLXNQA5AcC3QfbGNpM7fu0Y8b/z16pXLnFxZYvWhd3fhBY9DLmC6Q=="],

    "@serialport/bindings-cpp/@serialport/parser-readline": ["@serialport/parser-readline@12.0.0", "", { "dependencies": { "@serialport/parser-delimiter": "12.0.0" } }, "sha512-O7cywCWC8PiOMvo/gglEBfAkLjp/SENEML46BXDykfKP5mTPM46XMaX1L0waWU6DXJpBgjaL7+yX6VriVPbN4w=="],

    "@types/dotenv/dotenv": ["dotenv@10.0.0", "", {}, "sha512-rlBi9d8jpv9Sf1klPjNfFAuWDjKLwTIJJ/VxtoTwIR6hnZxcEOQCZg2oIL3MWBYw5GpUDKOEnND7LXTbIpQ03Q=="],

    "@serialport/bindings-cpp/@serialport/parser-readline/@serialport/parser-delimiter": ["@serialport/parser-delimiter@12.0.0", "", {}, "sha512-gu26tVt5lQoybhorLTPsH2j2LnX3AOP2x/34+DUSTNaUTzu2fBXw+isVjQJpUBFWu6aeQRZw5bJol5X9Gxjblw=="],
  }
}
